
Microsoft Visual Studio Solution File, Format Version 12.00
# Visual Studio 2012
Project("{8BC9CEB8-8B4A-11D0-8D11-00A0C91BC942}") = "homework_4(4)", "homework_4(4)\homework_4(4).vcxproj", "{369811CB-7818-4B97-8558-DDBA3FBCEA4D}"
EndProject
Global
	GlobalSection(SolutionConfigurationPlatforms) = preSolution
		Debug|Win32 = Debug|Win32
		Release|Win32 = Release|Win32
	EndGlobalSection
	GlobalSection(ProjectConfigurationPlatforms) = postSolution
		{369811CB-7818-4B97-8558-DDBA3FBCEA4D}.Debug|Win32.ActiveCfg = Debug|Win32
		{369811CB-7818-4B97-8558-DDBA3FBCEA4D}.Debug|Win32.Build.0 = Debug|Win32
		{369811CB-7818-4B97-8558-DDBA3FBCEA4D}.Release|Win32.ActiveCfg = Release|Win32
		{369811CB-7818-4B97-8558-DDBA3FBCEA4D}.Release|Win32.Build.0 = Release|Win32
	EndGlobalSection
	GlobalSection(SolutionProperties) = preSolution
		HideSolutionNode = FALSE
	EndGlobalSection
EndGlobal
